
Microsoft Visual Studio Solution File, Format Version 12.00
# Visual Studio Version 17
VisualStudioVersion = 17.6.33723.286
MinimumVisualStudioVersion = 10.0.40219.1
Project("{FAE04EC0-301F-11D3-BF4B-00C04F79EFBC}") = "AOJ.Plugins", "AOJ.Plugins\AOJ.Plugins.csproj", "{85CFA757-7D4A-4FFF-BB20-C52D466F5386}"
EndProject
Project("{FAE04EC0-301F-11D3-BF4B-00C04F79EFBC}") = "AOJ.ConsoleApp", "AOJ.ConsoleApp\AOJ.ConsoleApp.csproj", "{53E24811-CCE2-4A67-9084-099A538A64E4}"
EndProject
Global
	GlobalSection(SolutionConfigurationPlatforms) = preSolution
		Debug|Any CPU = Debug|Any CPU
		Release|Any CPU = Release|Any CPU
	EndGlobalSection
	GlobalSection(ProjectConfigurationPlatforms) = postSolution
		{85CFA757-7D4A-4FFF-BB20-C52D466F5386}.Debug|Any CPU.ActiveCfg = Debug|Any CPU
		{85CFA757-7D4A-4FFF-BB20-C52D466F5386}.Debug|Any CPU.Build.0 = Debug|Any CPU
		{85CFA757-7D4A-4FFF-BB20-C52D466F5386}.Release|Any CPU.ActiveCfg = Release|Any CPU
		{85CFA757-7D4A-4FFF-BB20-C52D466F5386}.Release|Any CPU.Build.0 = Release|Any CPU
		{53E24811-CCE2-4A67-9084-099A538A64E4}.Debug|Any CPU.ActiveCfg = Debug|Any CPU
		{53E24811-CCE2-4A67-9084-099A538A64E4}.Debug|Any CPU.Build.0 = Debug|Any CPU
		{53E24811-CCE2-4A67-9084-099A538A64E4}.Release|Any CPU.ActiveCfg = Release|Any CPU
		{53E24811-CCE2-4A67-9084-099A538A64E4}.Release|Any CPU.Build.0 = Release|Any CPU
	EndGlobalSection
	GlobalSection(SolutionProperties) = preSolution
		HideSolutionNode = FALSE
	EndGlobalSection
	GlobalSection(ExtensibilityGlobals) = postSolution
		SolutionGuid = {2A9CA21A-530B-4591-AC01-F9086B91FF9F}
	EndGlobalSection
EndGlobal
